
Microsoft Visual Studio Solution File, Format Version 12.00
# Visual Studio Version 17
VisualStudioVersion = 17.4.33205.214
MinimumVisualStudioVersion = 10.0.40219.1
Project("{FAE04EC0-301F-11D3-BF4B-00C04F79EFBC}") = "algoritma ornek", "algoritma ornek\algoritma ornek.csproj", "{F6DB6CC7-C5ED-451C-924A-001C575736EF}"
EndProject
Global
	GlobalSection(SolutionConfigurationPlatforms) = preSolution
		Debug|Any CPU = Debug|Any CPU
		Release|Any CPU = Release|Any CPU
	EndGlobalSection
	GlobalSection(ProjectConfigurationPlatforms) = postSolution
		{F6DB6CC7-C5ED-451C-924A-001C575736EF}.Debug|Any CPU.ActiveCfg = Debug|Any CPU
		{F6DB6CC7-C5ED-451C-924A-001C575736EF}.Debug|Any CPU.Build.0 = Debug|Any CPU
		{F6DB6CC7-C5ED-451C-924A-001C575736EF}.Release|Any CPU.ActiveCfg = Release|Any CPU
		{F6DB6CC7-C5ED-451C-924A-001C575736EF}.Release|Any CPU.Build.0 = Release|Any CPU
	EndGlobalSection
	GlobalSection(SolutionProperties) = preSolution
		HideSolutionNode = FALSE
	EndGlobalSection
	GlobalSection(ExtensibilityGlobals) = postSolution
		SolutionGuid = {61ED7815-5C3C-46B7-B304-6C440634148C}
	EndGlobalSection
EndGlobal
